
Microsoft Visual Studio Solution File, Format Version 12.00
# Visual Studio 15
VisualStudioVersion = 15.0.27130.2010
MinimumVisualStudioVersion = 10.0.40219.1
Project("{FAE04EC0-301F-11D3-BF4B-00C04F79EFBC}") = "Crypt", "Crypt\Crypt.csproj", "{FD543E5D-FA58-4A7E-BD13-62192690ED0B}"
EndProject
Global
	GlobalSection(SolutionConfigurationPlatforms) = preSolution
		Debug|Any CPU = Debug|Any CPU
		Release|Any CPU = Release|Any CPU
	EndGlobalSection
	GlobalSection(ProjectConfigurationPlatforms) = postSolution
		{FD543E5D-FA58-4A7E-BD13-62192690ED0B}.Debug|Any CPU.ActiveCfg = Debug|Any CPU
		{FD543E5D-FA58-4A7E-BD13-62192690ED0B}.Debug|Any CPU.Build.0 = Debug|Any CPU
		{FD543E5D-FA58-4A7E-BD13-62192690ED0B}.Release|Any CPU.ActiveCfg = Release|Any CPU
		{FD543E5D-FA58-4A7E-BD13-62192690ED0B}.Release|Any CPU.Build.0 = Release|Any CPU
	EndGlobalSection
	GlobalSection(SolutionProperties) = preSolution
		HideSolutionNode = FALSE
	EndGlobalSection
	GlobalSection(ExtensibilityGlobals) = postSolution
		SolutionGuid = {518B2964-6AEA-445A-A4FE-9C638D8D85C6}
	EndGlobalSection
EndGlobal
